
Microsoft Visual Studio Solution File, Format Version 12.00
# Visual Studio 15
VisualStudioVersion = 15.0.28307.572
MinimumVisualStudioVersion = 10.0.40219.1
Project("{FAE04EC0-301F-11D3-BF4B-00C04F79EFBC}") = "DDE.Web", "DDE.Web\DDE.Web.csproj", "{9C4FFF7D-CDAC-4F16-B400-882E41F7745E}"
EndProject
Project("{FAE04EC0-301F-11D3-BF4B-00C04F79EFBC}") = "DDE.DAL", "DDE.DAL\DDE.DAL.csproj", "{C9450E4C-CB69-4CDC-9393-7D6CCBBED13C}"
EndProject
Global
	GlobalSection(SolutionConfigurationPlatforms) = preSolution
		Debug|Any CPU = Debug|Any CPU
		Release|Any CPU = Release|Any CPU
	EndGlobalSection
	GlobalSection(ProjectConfigurationPlatforms) = postSolution
		{9C4FFF7D-CDAC-4F16-B400-882E41F7745E}.Debug|Any CPU.ActiveCfg = Debug|Any CPU
		{9C4FFF7D-CDAC-4F16-B400-882E41F7745E}.Debug|Any CPU.Build.0 = Debug|Any CPU
		{9C4FFF7D-CDAC-4F16-B400-882E41F7745E}.Release|Any CPU.ActiveCfg = Release|Any CPU
		{9C4FFF7D-CDAC-4F16-B400-882E41F7745E}.Release|Any CPU.Build.0 = Release|Any CPU
		{C9450E4C-CB69-4CDC-9393-7D6CCBBED13C}.Debug|Any CPU.ActiveCfg = Debug|Any CPU
		{C9450E4C-CB69-4CDC-9393-7D6CCBBED13C}.Debug|Any CPU.Build.0 = Debug|Any CPU
		{C9450E4C-CB69-4CDC-9393-7D6CCBBED13C}.Release|Any CPU.ActiveCfg = Release|Any CPU
		{C9450E4C-CB69-4CDC-9393-7D6CCBBED13C}.Release|Any CPU.Build.0 = Release|Any CPU
	EndGlobalSection
	GlobalSection(SolutionProperties) = preSolution
		HideSolutionNode = FALSE
	EndGlobalSection
	GlobalSection(ExtensibilityGlobals) = postSolution
		SolutionGuid = {0A4541E8-6AB5-47D5-867D-DEFA5CF68C11}
	EndGlobalSection
EndGlobal
